
Microsoft Visual Studio Solution File, Format Version 12.00
# Visual Studio Version 16
VisualStudioVersion = 16.0.30413.136
MinimumVisualStudioVersion = 10.0.40219.1
Project("{FAE04EC0-301F-11D3-BF4B-00C04F79EFBC}") = "Datatables.AspNetCore", "Datatables.AspNetCore\Datatables.AspNetCore.csproj", "{1890B538-8A0F-4872-97B5-A1E9F4FACECB}"
EndProject
Global
	GlobalSection(SolutionConfigurationPlatforms) = preSolution
		Debug|Any CPU = Debug|Any CPU
		Release|Any CPU = Release|Any CPU
	EndGlobalSection
	GlobalSection(ProjectConfigurationPlatforms) = postSolution
		{1890B538-8A0F-4872-97B5-A1E9F4FACECB}.Debug|Any CPU.ActiveCfg = Debug|Any CPU
		{1890B538-8A0F-4872-97B5-A1E9F4FACECB}.Debug|Any CPU.Build.0 = Debug|Any CPU
		{1890B538-8A0F-4872-97B5-A1E9F4FACECB}.Release|Any CPU.ActiveCfg = Release|Any CPU
		{1890B538-8A0F-4872-97B5-A1E9F4FACECB}.Release|Any CPU.Build.0 = Release|Any CPU
	EndGlobalSection
	GlobalSection(SolutionProperties) = preSolution
		HideSolutionNode = FALSE
	EndGlobalSection
	GlobalSection(ExtensibilityGlobals) = postSolution
		SolutionGuid = {5966CC58-FBED-4232-BE3E-23B726730179}
	EndGlobalSection
EndGlobal
